
Microsoft Visual Studio Solution File, Format Version 11.00
# Visual Web Developer Express 2010
Project("{FAE04EC0-301F-11D3-BF4B-00C04F79EFBC}") = "Silverlight", "Silverlight\Silverlight.csproj", "{385A1B79-C110-417C-9833-11CBF211F88E}"
EndProject
Project("{FAE04EC0-301F-11D3-BF4B-00C04F79EFBC}") = "V6FS", "V6FS\V6FS.csproj", "{7AA376EA-5E19-4A35-99FF-56F1C3BC7AEF}"
EndProject
Global
	GlobalSection(SolutionConfigurationPlatforms) = preSolution
		Debug|Any CPU = Debug|Any CPU
		Release|Any CPU = Release|Any CPU
	EndGlobalSection
	GlobalSection(ProjectConfigurationPlatforms) = postSolution
		{385A1B79-C110-417C-9833-11CBF211F88E}.Debug|Any CPU.ActiveCfg = Debug|Any CPU
		{385A1B79-C110-417C-9833-11CBF211F88E}.Debug|Any CPU.Build.0 = Debug|Any CPU
		{385A1B79-C110-417C-9833-11CBF211F88E}.Release|Any CPU.ActiveCfg = Release|Any CPU
		{385A1B79-C110-417C-9833-11CBF211F88E}.Release|Any CPU.Build.0 = Release|Any CPU
		{7AA376EA-5E19-4A35-99FF-56F1C3BC7AEF}.Debug|Any CPU.ActiveCfg = Debug|Any CPU
		{7AA376EA-5E19-4A35-99FF-56F1C3BC7AEF}.Debug|Any CPU.Build.0 = Debug|Any CPU
		{7AA376EA-5E19-4A35-99FF-56F1C3BC7AEF}.Release|Any CPU.ActiveCfg = Release|Any CPU
		{7AA376EA-5E19-4A35-99FF-56F1C3BC7AEF}.Release|Any CPU.Build.0 = Release|Any CPU
	EndGlobalSection
	GlobalSection(SolutionProperties) = preSolution
		HideSolutionNode = FALSE
	EndGlobalSection
EndGlobal
